
Microsoft Visual Studio Solution File, Format Version 12.00
# Visual Studio Version 17
VisualStudioVersion = 17.9.34714.143
MinimumVisualStudioVersion = 10.0.40219.1
Project("{9A19103F-16F7-4668-BE54-9A1E7A4F7556}") = "ContactsManager.Core", "ContactsManager.Core\ContactsManager.Core.csproj", "{8E35F741-A9C0-4822-BB00-4D339A034ECA}"
EndProject
Project("{9A19103F-16F7-4668-BE54-9A1E7A4F7556}") = "ContactsManager.Infastructure", "ContactsManager.Infastructure\ContactsManager.Infastructure.csproj", "{A172A5CB-B53B-45B3-A7CF-1F1C7A1883FA}"
EndProject
Project("{FAE04EC0-301F-11D3-BF4B-00C04F79EFBC}") = "ContactsManager.UI", "ContactsManager.UI\ContactsManager.UI.csproj", "{2C5AABFD-5669-451F-A245-8AD4E62699F0}"
EndProject
Global
	GlobalSection(SolutionConfigurationPlatforms) = preSolution
		Debug|Any CPU = Debug|Any CPU
		Release|Any CPU = Release|Any CPU
	EndGlobalSection
	GlobalSection(ProjectConfigurationPlatforms) = postSolution
		{8E35F741-A9C0-4822-BB00-4D339A034ECA}.Debug|Any CPU.ActiveCfg = Debug|Any CPU
		{8E35F741-A9C0-4822-BB00-4D339A034ECA}.Debug|Any CPU.Build.0 = Debug|Any CPU
		{8E35F741-A9C0-4822-BB00-4D339A034ECA}.Release|Any CPU.ActiveCfg = Release|Any CPU
		{8E35F741-A9C0-4822-BB00-4D339A034ECA}.Release|Any CPU.Build.0 = Release|Any CPU
		{A172A5CB-B53B-45B3-A7CF-1F1C7A1883FA}.Debug|Any CPU.ActiveCfg = Debug|Any CPU
		{A172A5CB-B53B-45B3-A7CF-1F1C7A1883FA}.Debug|Any CPU.Build.0 = Debug|Any CPU
		{A172A5CB-B53B-45B3-A7CF-1F1C7A1883FA}.Release|Any CPU.ActiveCfg = Release|Any CPU
		{A172A5CB-B53B-45B3-A7CF-1F1C7A1883FA}.Release|Any CPU.Build.0 = Release|Any CPU
		{2C5AABFD-5669-451F-A245-8AD4E62699F0}.Debug|Any CPU.ActiveCfg = Debug|Any CPU
		{2C5AABFD-5669-451F-A245-8AD4E62699F0}.Debug|Any CPU.Build.0 = Debug|Any CPU
		{2C5AABFD-5669-451F-A245-8AD4E62699F0}.Release|Any CPU.ActiveCfg = Release|Any CPU
		{2C5AABFD-5669-451F-A245-8AD4E62699F0}.Release|Any CPU.Build.0 = Release|Any CPU
	EndGlobalSection
	GlobalSection(SolutionProperties) = preSolution
		HideSolutionNode = FALSE
	EndGlobalSection
	GlobalSection(ExtensibilityGlobals) = postSolution
		SolutionGuid = {8E0F2D33-4F7F-4464-BF6A-29B5ADE70877}
	EndGlobalSection
EndGlobal
